// !$*UTF8*$!
{
	archiveVersion = 1;
	classes = {
	};
	objectVersion = 46;
	objects = {

/* Begin PBXCopyFilesBuildPhase section */
		12B816681644674A00A433E7 /* CopyFiles */ = {
			isa = PBXCopyFilesBuildPhase;
			buildActionMask = 2147483647;
			dstPath = /usr/share/man/man1/;
			dstSubfolderSpec = 0;
			files = (
			);
			runOnlyForDeploymentPostprocessing = 1;
		};
/* End PBXCopyFilesBuildPhase section */

/* Begin PBXFileReference section */
		123F0954164F96D0008C1C1C /* MemLogLib.c */ = {isa = PBXFileReference; lastKnownFileType = sourcecode.c.c; path = MemLogLib.c; sourceTree = "<group>"; };
		123F0955164F96D0008C1C1C /* MemLogLibDefault.inf */ = {isa = PBXFileReference; lastKnownFileType = text; path = MemLogLibDefault.inf; sourceTree = "<group>"; };
		123F0958164F96DB008C1C1C /* EfiFlashMap.h */ = {isa = PBXFileReference; lastKnownFileType = sourcecode.c.h; path = EfiFlashMap.h; sourceTree = "<group>"; };
		123F0959164F96DB008C1C1C /* EfiLdrHandoff.h */ = {isa = PBXFileReference; lastKnownFileType = sourcecode.c.h; path = EfiLdrHandoff.h; sourceTree = "<group>"; };
		123F095A164F96DB008C1C1C /* FlashLayout.h */ = {isa = PBXFileReference; lastKnownFileType = sourcecode.c.h; path = FlashLayout.h; sourceTree = "<group>"; };
		123F095C164F96DB008C1C1C /* AcpiDescription.h */ = {isa = PBXFileReference; lastKnownFileType = sourcecode.c.h; path = AcpiDescription.h; sourceTree = "<group>"; };
		123F095D164F96DB008C1C1C /* ConsoleOutConfig.h */ = {isa = PBXFileReference; lastKnownFileType = sourcecode.c.h; path = ConsoleOutConfig.h; sourceTree = "<group>"; };
		123F095E164F96DB008C1C1C /* DxeCoreFileName.h */ = {isa = PBXFileReference; lastKnownFileType = sourcecode.c.h; path = DxeCoreFileName.h; sourceTree = "<group>"; };
		123F095F164F96DB008C1C1C /* FlashMapHob.h */ = {isa = PBXFileReference; lastKnownFileType = sourcecode.c.h; path = FlashMapHob.h; sourceTree = "<group>"; };
		123F0960164F96DB008C1C1C /* LdrMemoryDescriptor.h */ = {isa = PBXFileReference; lastKnownFileType = sourcecode.c.h; path = LdrMemoryDescriptor.h; sourceTree = "<group>"; };
		123F0961164F96DB008C1C1C /* PciExpressBaseAddress.h */ = {isa = PBXFileReference; lastKnownFileType = sourcecode.c.h; path = PciExpressBaseAddress.h; sourceTree = "<group>"; };
		123F0962164F96DB008C1C1C /* PciOptionRomTable.h */ = {isa = PBXFileReference; lastKnownFileType = sourcecode.c.h; path = PciOptionRomTable.h; sourceTree = "<group>"; };
		123F0964164F96DB008C1C1C /* PeImage.h */ = {isa = PBXFileReference; lastKnownFileType = sourcecode.c.h; path = PeImage.h; sourceTree = "<group>"; };
		123F0965164F96DB008C1C1C /* Smbios.h */ = {isa = PBXFileReference; lastKnownFileType = sourcecode.c.h; path = Smbios.h; sourceTree = "<group>"; };
		123F0967164F96DB008C1C1C /* MemLogLib.h */ = {isa = PBXFileReference; lastKnownFileType = sourcecode.c.h; path = MemLogLib.h; sourceTree = "<group>"; };
		123F0968164F96DB008C1C1C /* PeCoffLib.h */ = {isa = PBXFileReference; lastKnownFileType = sourcecode.c.h; path = PeCoffLib.h; sourceTree = "<group>"; };
		123F096A164F96DB008C1C1C /* FSInjectProtocol.h */ = {isa = PBXFileReference; lastKnownFileType = sourcecode.c.h; path = FSInjectProtocol.h; sourceTree = "<group>"; };
		123F096B164F96DB008C1C1C /* MsgLog.h */ = {isa = PBXFileReference; lastKnownFileType = sourcecode.c.h; path = MsgLog.h; sourceTree = "<group>"; };
		123F096D164F96F4008C1C1C /* MsgLog.c */ = {isa = PBXFileReference; lastKnownFileType = sourcecode.c.c; path = MsgLog.c; sourceTree = "<group>"; };
		123F096E164F96F4008C1C1C /* MsgLog.inf */ = {isa = PBXFileReference; lastKnownFileType = text; path = MsgLog.inf; sourceTree = "<group>"; };
		123F0970164F9C00008C1C1C /* BiosVideo.c */ = {isa = PBXFileReference; lastKnownFileType = sourcecode.c.c; path = BiosVideo.c; sourceTree = "<group>"; };
		123F0971164F9C00008C1C1C /* BiosVideo.h */ = {isa = PBXFileReference; lastKnownFileType = sourcecode.c.h; path = BiosVideo.h; sourceTree = "<group>"; };
		123F0972164F9C00008C1C1C /* BiosVideo.inf */ = {isa = PBXFileReference; lastKnownFileType = text; path = BiosVideo.inf; sourceTree = "<group>"; };
		123F0973164F9C00008C1C1C /* BiosVideoNew.c */ = {isa = PBXFileReference; lastKnownFileType = sourcecode.c.c; path = BiosVideoNew.c; sourceTree = "<group>"; };
		123F0974164F9C00008C1C1C /* ComponentName.c */ = {isa = PBXFileReference; lastKnownFileType = sourcecode.c.c; path = ComponentName.c; sourceTree = "<group>"; };
		123F0975164F9C00008C1C1C /* LegacyBiosThunk.c */ = {isa = PBXFileReference; lastKnownFileType = sourcecode.c.c; path = LegacyBiosThunk.c; sourceTree = "<group>"; };
		123F0976164F9C00008C1C1C /* VesaBiosExtensions.h */ = {isa = PBXFileReference; lastKnownFileType = sourcecode.c.h; path = VesaBiosExtensions.h; sourceTree = "<group>"; };
		123F0979164FA3AF008C1C1C /* BiosVideo.c */ = {isa = PBXFileReference; lastKnownFileType = sourcecode.c.c; path = BiosVideo.c; sourceTree = "<group>"; };
		123F097A164FA3AF008C1C1C /* BiosVideo.h */ = {isa = PBXFileReference; lastKnownFileType = sourcecode.c.h; path = BiosVideo.h; sourceTree = "<group>"; };
		123F097B164FA3AF008C1C1C /* ComponentName.c */ = {isa = PBXFileReference; lastKnownFileType = sourcecode.c.c; path = ComponentName.c; sourceTree = "<group>"; };
		123F097C164FA3AF008C1C1C /* VesaBiosExtensions.h */ = {isa = PBXFileReference; lastKnownFileType = sourcecode.c.h; path = VesaBiosExtensions.h; sourceTree = "<group>"; };
		123F097D164FA3AF008C1C1C /* VideoDxe.inf */ = {isa = PBXFileReference; lastKnownFileType = text; path = VideoDxe.inf; sourceTree = "<group>"; };
		12AD147D165026A70074B8D3 /* CloverX */ = {isa = PBXFileReference; explicitFileType = "compiled.mach-o.executable"; includeInIndex = 0; name = CloverX; path = /Users/slice/src/edk2/Clover/CloverX/build/Release/CloverX; sourceTree = "<absolute>"; };
		12B816781644675800A433E7 /* build.sh */ = {isa = PBXFileReference; lastKnownFileType = text.script.sh; path = build.sh; sourceTree = "<group>"; };
		12B816791644675800A433E7 /* build32.sh */ = {isa = PBXFileReference; lastKnownFileType = text.script.sh; path = build32.sh; sourceTree = "<group>"; };
		12B8167A1644675800A433E7 /* build64.sh */ = {isa = PBXFileReference; lastKnownFileType = text.script.sh; path = build64.sh; sourceTree = "<group>"; };
		12B8167B1644675800A433E7 /* buildc32.sh */ = {isa = PBXFileReference; lastKnownFileType = text.script.sh; path = buildc32.sh; sourceTree = "<group>"; };
		12B8167C1644675800A433E7 /* buildc64.sh */ = {isa = PBXFileReference; lastKnownFileType = text.script.sh; path = buildc64.sh; sourceTree = "<group>"; };
		12B8167E1644675800A433E7 /* BdsConnect.c */ = {isa = PBXFileReference; lastKnownFileType = sourcecode.c.c; path = BdsConnect.c; sourceTree = "<group>"; };
		12B8167F1644675800A433E7 /* BmLib.c */ = {isa = PBXFileReference; lastKnownFileType = sourcecode.c.c; path = BmLib.c; sourceTree = "<group>"; };
		12B816801644675800A433E7 /* DevicePath.c */ = {isa = PBXFileReference; lastKnownFileType = sourcecode.c.c; path = DevicePath.c; sourceTree = "<group>"; };
		12B816811644675800A433E7 /* GenericBdsLib.h */ = {isa = PBXFileReference; lastKnownFileType = sourcecode.c.h; path = GenericBdsLib.h; sourceTree = "<group>"; };
		12B816821644675800A433E7 /* InternalBdsLib.h */ = {isa = PBXFileReference; lastKnownFileType = sourcecode.c.h; path = InternalBdsLib.h; sourceTree = "<group>"; };
		12B816831644675800A433E7 /* PiBootMode.h */ = {isa = PBXFileReference; lastKnownFileType = sourcecode.c.h; path = PiBootMode.h; sourceTree = "<group>"; };
		12B816851644675800A433E7 /* llmul.asm */ = {isa = PBXFileReference; lastKnownFileType = sourcecode.asm.asm; path = llmul.asm; sourceTree = "<group>"; };
		12B816861644675800A433E7 /* llshl.asm */ = {isa = PBXFileReference; lastKnownFileType = sourcecode.asm.asm; path = llshl.asm; sourceTree = "<group>"; };
		12B816871644675800A433E7 /* ulldiv.asm */ = {isa = PBXFileReference; lastKnownFileType = sourcecode.asm.asm; path = ulldiv.asm; sourceTree = "<group>"; };
		12B816881644675800A433E7 /* ullrem.asm */ = {isa = PBXFileReference; lastKnownFileType = sourcecode.asm.asm; path = ullrem.asm; sourceTree = "<group>"; };
		12B816891644675800A433E7 /* ullshr.asm */ = {isa = PBXFileReference; lastKnownFileType = sourcecode.asm.asm; path = ullshr.asm; sourceTree = "<group>"; };
		12B8168B1644675800A433E7 /* efiConsoleControl.h */ = {isa = PBXFileReference; lastKnownFileType = sourcecode.c.h; path = efiConsoleControl.h; sourceTree = "<group>"; };
		12B8168C1644675800A433E7 /* egemb_back_selected_small.h */ = {isa = PBXFileReference; lastKnownFileType = sourcecode.c.h; path = egemb_back_selected_small.h; sourceTree = "<group>"; };
		12B8168D1644675800A433E7 /* egemb_refit_banner.h */ = {isa = PBXFileReference; lastKnownFileType = sourcecode.c.h; path = egemb_refit_banner.h; sourceTree = "<group>"; };
		12B8168E1644675800A433E7 /* Handle.h */ = {isa = PBXFileReference; lastKnownFileType = sourcecode.c.h; path = Handle.h; sourceTree = "<group>"; };
		12B8168F1644675800A433E7 /* syslinux_mbr.h */ = {isa = PBXFileReference; lastKnownFileType = sourcecode.c.h; path = syslinux_mbr.h; sourceTree = "<group>"; };
		12B816901644675800A433E7 /* UsbMass.h */ = {isa = PBXFileReference; lastKnownFileType = sourcecode.c.h; path = UsbMass.h; sourceTree = "<group>"; };
		12B816911644675800A433E7 /* UsbMassBoot.h */ = {isa = PBXFileReference; lastKnownFileType = sourcecode.c.h; path = UsbMassBoot.h; sourceTree = "<group>"; };
		12B816921644675800A433E7 /* UsbMassImpl.h */ = {isa = PBXFileReference; lastKnownFileType = sourcecode.c.h; path = UsbMassImpl.h; sourceTree = "<group>"; };
		12B816941644675800A433E7 /* efiConsoleControl.h */ = {isa = PBXFileReference; lastKnownFileType = sourcecode.c.h; path = efiConsoleControl.h; sourceTree = "<group>"; };
		12B816951644675800A433E7 /* EfiFileLib.h */ = {isa = PBXFileReference; lastKnownFileType = sourcecode.c.h; path = EfiFileLib.h; sourceTree = "<group>"; };
		12B816961644675800A433E7 /* efiGraphicsOutput.h */ = {isa = PBXFileReference; lastKnownFileType = sourcecode.c.h; path = efiGraphicsOutput.h; sourceTree = "<group>"; };
		12B816971644675800A433E7 /* efiUgaDraw.h */ = {isa = PBXFileReference; lastKnownFileType = sourcecode.c.h; path = efiUgaDraw.h; sourceTree = "<group>"; };
		12B816981644675800A433E7 /* egemb_font.h */ = {isa = PBXFileReference; lastKnownFileType = sourcecode.c.h; path = egemb_font.h; sourceTree = "<group>"; };
		12B816991644675800A433E7 /* image.c */ = {isa = PBXFileReference; lastKnownFileType = sourcecode.c.c; path = image.c; sourceTree = "<group>"; };
		12B8169A1644675800A433E7 /* libeg.h */ = {isa = PBXFileReference; lastKnownFileType = sourcecode.c.h; path = libeg.h; sourceTree = "<group>"; };
		12B8169B1644675800A433E7 /* libeg.mak */ = {isa = PBXFileReference; lastKnownFileType = sourcecode.make; path = libeg.mak; sourceTree = "<group>"; };
		12B8169C1644675800A433E7 /* libeg.mkefi */ = {isa = PBXFileReference; lastKnownFileType = text; path = libeg.mkefi; sourceTree = "<group>"; };
		12B8169D1644675800A433E7 /* libegint.h */ = {isa = PBXFileReference; lastKnownFileType = sourcecode.c.h; path = libegint.h; sourceTree = "<group>"; };
		12B8169E1644675800A433E7 /* libscreen.c */ = {isa = PBXFileReference; lastKnownFileType = sourcecode.c.c; path = libscreen.c; sourceTree = "<group>"; };
		12B8169F1644675800A433E7 /* load_bmp.c */ = {isa = PBXFileReference; lastKnownFileType = sourcecode.c.c; path = load_bmp.c; sourceTree = "<group>"; };
		12B816A01644675800A433E7 /* load_icns.c */ = {isa = PBXFileReference; lastKnownFileType = sourcecode.c.c; path = load_icns.c; sourceTree = "<group>"; };
		12B816A11644675800A433E7 /* mkegemb.py */ = {isa = PBXFileReference; lastKnownFileType = text.script.python; path = mkegemb.py; sourceTree = "<group>"; };
		12B816A21644675800A433E7 /* text.c */ = {isa = PBXFileReference; lastKnownFileType = sourcecode.c.c; path = text.c; sourceTree = "<group>"; };
		12B816A41644675800A433E7 /* AcpiAml.h */ = {isa = PBXFileReference; lastKnownFileType = sourcecode.c.h; path = AcpiAml.h; sourceTree = "<group>"; };
		12B816A51644675800A433E7 /* AcpiPatcher.c */ = {isa = PBXFileReference; lastKnownFileType = sourcecode.c.c; path = AcpiPatcher.c; sourceTree = "<group>"; };
		12B816A61644675800A433E7 /* AmlGenerator.c */ = {isa = PBXFileReference; lastKnownFileType = sourcecode.c.c; path = AmlGenerator.c; sourceTree = "<group>"; };
		12B816A71644675800A433E7 /* AmlGenerator.h */ = {isa = PBXFileReference; lastKnownFileType = sourcecode.c.h; path = AmlGenerator.h; sourceTree = "<group>"; };
		12B816A81644675800A433E7 /* ati.c */ = {isa = PBXFileReference; lastKnownFileType = sourcecode.c.c; path = ati.c; sourceTree = "<group>"; };
		12B816A91644675800A433E7 /* ati.h */ = {isa = PBXFileReference; lastKnownFileType = sourcecode.c.h; path = ati.h; sourceTree = "<group>"; };
		12B816AA1644675800A433E7 /* ati_old.c */ = {isa = PBXFileReference; lastKnownFileType = sourcecode.c.c; path = ati_old.c; sourceTree = "<group>"; };
		12B816AB1644675800A433E7 /* ati_reg.h */ = {isa = PBXFileReference; lastKnownFileType = sourcecode.c.h; path = ati_reg.h; sourceTree = "<group>"; };
		12B816AC1644675800A433E7 /* AtomBios.h */ = {isa = PBXFileReference; lastKnownFileType = sourcecode.c.h; path = AtomBios.h; sourceTree = "<group>"; };
		12B816AD1644675800A433E7 /* b64cdecode.c */ = {isa = PBXFileReference; lastKnownFileType = sourcecode.c.c; path = b64cdecode.c; sourceTree = "<group>"; };
		12B816AE1644675800A433E7 /* b64cdecode.h */ = {isa = PBXFileReference; lastKnownFileType = sourcecode.c.h; path = b64cdecode.h; sourceTree = "<group>"; };
		12B816AF1644675800A433E7 /* BiosVideo.h */ = {isa = PBXFileReference; lastKnownFileType = sourcecode.c.h; path = BiosVideo.h; sourceTree = "<group>"; };
		12B816B01644675800A433E7 /* Bmp.h */ = {isa = PBXFileReference; lastKnownFileType = sourcecode.c.h; path = Bmp.h; sourceTree = "<group>"; };
		12B816B11644675800A433E7 /* boot.h */ = {isa = PBXFileReference; lastKnownFileType = sourcecode.c.h; path = boot.h; sourceTree = "<group>"; };
		12B816B21644675800A433E7 /* BootLog.c */ = {isa = PBXFileReference; lastKnownFileType = sourcecode.c.c; path = BootLog.c; sourceTree = "<group>"; };
		12B816B31644675800A433E7 /* BootOptions.c */ = {isa = PBXFileReference; lastKnownFileType = sourcecode.c.c; path = BootOptions.c; sourceTree = "<group>"; };
		12B816B41644675800A433E7 /* Console.c */ = {isa = PBXFileReference; lastKnownFileType = sourcecode.c.c; path = Console.c; sourceTree = "<group>"; };
		12B816B51644675800A433E7 /* cpu.c */ = {isa = PBXFileReference; lastKnownFileType = sourcecode.c.c; path = cpu.c; sourceTree = "<group>"; };
		12B816B61644675800A433E7 /* DataHubCpu.c */ = {isa = PBXFileReference; lastKnownFileType = sourcecode.c.c; path = DataHubCpu.c; sourceTree = "<group>"; };
		12B816B71644675800A433E7 /* DataHubRecords.h */ = {isa = PBXFileReference; lastKnownFileType = sourcecode.c.h; path = DataHubRecords.h; sourceTree = "<group>"; };
		12B816B81644675800A433E7 /* DbgTime.c */ = {isa = PBXFileReference; lastKnownFileType = sourcecode.c.c; path = DbgTime.c; sourceTree = "<group>"; };
		12B816B91644675800A433E7 /* device_inject.c */ = {isa = PBXFileReference; lastKnownFileType = sourcecode.c.c; path = device_inject.c; sourceTree = "<group>"; };
		12B816BA1644675800A433E7 /* device_inject.h */ = {isa = PBXFileReference; lastKnownFileType = sourcecode.c.h; path = device_inject.h; sourceTree = "<group>"; };
		12B816BB1644675800A433E7 /* device_tree.c */ = {isa = PBXFileReference; lastKnownFileType = sourcecode.c.c; path = device_tree.c; sourceTree = "<group>"; };
		12B816BC1644675800A433E7 /* device_tree.h */ = {isa = PBXFileReference; lastKnownFileType = sourcecode.c.h; path = device_tree.h; sourceTree = "<group>"; };
		12B816BD1644675800A433E7 /* Display.h */ = {isa = PBXFileReference; lastKnownFileType = sourcecode.c.h; path = Display.h; sourceTree = "<group>"; };
		12B816BE1644675800A433E7 /* Events.c */ = {isa = PBXFileReference; lastKnownFileType = sourcecode.c.c; path = Events.c; sourceTree = "<group>"; };
		12B816BF1644675800A433E7 /* FixBiosDsdt.c */ = {isa = PBXFileReference; lastKnownFileType = sourcecode.c.c; path = FixBiosDsdt.c; sourceTree = "<group>"; xcLanguageSpecificationIdentifier = xcode.lang.c; };
		12B816C01644675800A433E7 /* gma.c */ = {isa = PBXFileReference; lastKnownFileType = sourcecode.c.c; path = gma.c; sourceTree = "<group>"; };
		12B816C11644675800A433E7 /* gma.h */ = {isa = PBXFileReference; lastKnownFileType = sourcecode.c.h; path = gma.h; sourceTree = "<group>"; };
		12B816C21644675800A433E7 /* guid.c */ = {isa = PBXFileReference; lastKnownFileType = sourcecode.c.c; path = guid.c; sourceTree = "<group>"; };
		12B816C31644675800A433E7 /* Injectors.c */ = {isa = PBXFileReference; lastKnownFileType = sourcecode.c.c; path = Injectors.c; sourceTree = "<group>"; };
		12B816C41644675800A433E7 /* kernel_patcher.c */ = {isa = PBXFileReference; lastKnownFileType = sourcecode.c.c; path = kernel_patcher.c; sourceTree = "<group>"; };
		12B816C51644675800A433E7 /* kernel_patcher.h */ = {isa = PBXFileReference; lastKnownFileType = sourcecode.c.h; path = kernel_patcher.h; sourceTree = "<group>"; };
		12B816C61644675800A433E7 /* kext_inject.c */ = {isa = PBXFileReference; lastKnownFileType = sourcecode.c.c; path = kext_inject.c; sourceTree = "<group>"; };
		12B816C71644675800A433E7 /* kext_inject.h */ = {isa = PBXFileReference; lastKnownFileType = sourcecode.c.h; path = kext_inject.h; sourceTree = "<group>"; };
		12B816C81644675800A433E7 /* kext_patcher.c */ = {isa = PBXFileReference; lastKnownFileType = sourcecode.c.c; path = kext_patcher.c; sourceTree = "<group>"; };
		12B816C91644675800A433E7 /* LegacyBiosThunk.c */ = {isa = PBXFileReference; lastKnownFileType = sourcecode.c.c; path = LegacyBiosThunk.c; sourceTree = "<group>"; };
		12B816CA1644675800A433E7 /* LegacyBiosThunk.h */ = {isa = PBXFileReference; lastKnownFileType = sourcecode.c.h; path = LegacyBiosThunk.h; sourceTree = "<group>"; };
		12B816CB1644675800A433E7 /* LegacyBoot.c */ = {isa = PBXFileReference; lastKnownFileType = sourcecode.c.c; path = LegacyBoot.c; sourceTree = "<group>"; };
		12B816CC1644675800A433E7 /* loader.h */ = {isa = PBXFileReference; lastKnownFileType = sourcecode.c.h; path = loader.h; sourceTree = "<group>"; };
		12B816CD1644675800A433E7 /* LoaderUefi.h */ = {isa = PBXFileReference; lastKnownFileType = sourcecode.c.h; path = LoaderUefi.h; sourceTree = "<group>"; };
		12B816CE1644675800A433E7 /* memvendors.h */ = {isa = PBXFileReference; lastKnownFileType = sourcecode.c.h; path = memvendors.h; sourceTree = "<group>"; };
		12B816CF1644675800A433E7 /* nvidia.c */ = {isa = PBXFileReference; lastKnownFileType = sourcecode.c.c; path = nvidia.c; sourceTree = "<group>"; };
		12B816D01644675800A433E7 /* nvidia.h */ = {isa = PBXFileReference; lastKnownFileType = sourcecode.c.h; path = nvidia.h; sourceTree = "<group>"; };
		12B816D11644675800A433E7 /* Nvram.c */ = {isa = PBXFileReference; lastKnownFileType = sourcecode.c.c; path = Nvram.c; sourceTree = "<group>"; };
		12B816D21644675800A433E7 /* pci.c */ = {isa = PBXFileReference; lastKnownFileType = sourcecode.c.c; path = pci.c; sourceTree = "<group>"; };
		12B816D31644675800A433E7 /* picopng.c */ = {isa = PBXFileReference; lastKnownFileType = sourcecode.c.c; path = picopng.c; sourceTree = "<group>"; };
		12B816D41644675800A433E7 /* picopng.h */ = {isa = PBXFileReference; lastKnownFileType = sourcecode.c.h; path = picopng.h; sourceTree = "<group>"; };
		12B816D51644675800A433E7 /* Platform.h */ = {isa = PBXFileReference; lastKnownFileType = sourcecode.c.h; path = Platform.h; sourceTree = "<group>"; };
		12B816D61644675800A433E7 /* platformdata.c */ = {isa = PBXFileReference; lastKnownFileType = sourcecode.c.c; path = platformdata.c; sourceTree = "<group>"; };
		12B816D71644675800A433E7 /* plist.c */ = {isa = PBXFileReference; lastKnownFileType = sourcecode.c.c; path = plist.c; sourceTree = "<group>"; };
		12B816D81644675800A433E7 /* Pointer.c */ = {isa = PBXFileReference; lastKnownFileType = sourcecode.c.c; path = Pointer.c; sourceTree = "<group>"; };
		12B816D91644675800A433E7 /* Resolutions.c */ = {isa = PBXFileReference; lastKnownFileType = sourcecode.c.c; path = Resolutions.c; sourceTree = "<group>"; };
		12B816DA1644675800A433E7 /* Resolutions.h */ = {isa = PBXFileReference; lastKnownFileType = sourcecode.c.h; path = Resolutions.h; sourceTree = "<group>"; };
		12B816DB1644675800A433E7 /* Settings.c */ = {isa = PBXFileReference; lastKnownFileType = sourcecode.c.c; path = Settings.c; sourceTree = "<group>"; };
		12B816DC1644675800A433E7 /* smbios.c */ = {isa = PBXFileReference; lastKnownFileType = sourcecode.c.c; path = smbios.c; sourceTree = "<group>"; };
		12B816DD1644675800A433E7 /* SmBios.h */ = {isa = PBXFileReference; lastKnownFileType = sourcecode.c.h; path = SmBios.h; sourceTree = "<group>"; };
		12B816DE1644675800A433E7 /* spd.c */ = {isa = PBXFileReference; lastKnownFileType = sourcecode.c.c; path = spd.c; sourceTree = "<group>"; };
		12B816DF1644675800A433E7 /* spd.h */ = {isa = PBXFileReference; lastKnownFileType = sourcecode.c.h; path = spd.h; sourceTree = "<group>"; };
		12B816E01644675800A433E7 /* sse3_5_patcher.h */ = {isa = PBXFileReference; lastKnownFileType = sourcecode.c.h; path = sse3_5_patcher.h; sourceTree = "<group>"; };
		12B816E11644675800A433E7 /* sse3_patcher.h */ = {isa = PBXFileReference; lastKnownFileType = sourcecode.c.h; path = sse3_patcher.h; sourceTree = "<group>"; };
		12B816E21644675800A433E7 /* StateGenerator.c */ = {isa = PBXFileReference; lastKnownFileType = sourcecode.c.c; path = StateGenerator.c; sourceTree = "<group>"; };
		12B816E31644675800A433E7 /* StateGenerator.h */ = {isa = PBXFileReference; lastKnownFileType = sourcecode.c.h; path = StateGenerator.h; sourceTree = "<group>"; };
		12B816E41644675800A433E7 /* stringTable.c */ = {isa = PBXFileReference; lastKnownFileType = sourcecode.c.c; path = stringTable.c; sourceTree = "<group>"; };
		12B816E51644675800A433E7 /* usbfix.c */ = {isa = PBXFileReference; lastKnownFileType = sourcecode.c.c; path = usbfix.c; sourceTree = "<group>"; };
		12B816E61644675800A433E7 /* UsbMass.h */ = {isa = PBXFileReference; lastKnownFileType = sourcecode.c.h; path = UsbMass.h; sourceTree = "<group>"; };
		12B816E71644675800A433E7 /* UsbMassBoot.h */ = {isa = PBXFileReference; lastKnownFileType = sourcecode.c.h; path = UsbMassBoot.h; sourceTree = "<group>"; };
		12B816E81644675800A433E7 /* UsbMassImpl.h */ = {isa = PBXFileReference; lastKnownFileType = sourcecode.c.h; path = UsbMassImpl.h; sourceTree = "<group>"; };
		12B816E91644675800A433E7 /* VesaBiosExtensions.h */ = {isa = PBXFileReference; lastKnownFileType = sourcecode.c.h; path = VesaBiosExtensions.h; sourceTree = "<group>"; };
		12B816EB1644675800A433E7 /* config.c */ = {isa = PBXFileReference; lastKnownFileType = sourcecode.c.c; path = config.c; sourceTree = "<group>"; };
		12B816EC1644675800A433E7 /* egemb_back_selected_small.h */ = {isa = PBXFileReference; lastKnownFileType = sourcecode.c.h; path = egemb_back_selected_small.h; sourceTree = "<group>"; };
		12B816ED1644675800A433E7 /* egemb_refit_banner.h */ = {isa = PBXFileReference; lastKnownFileType = sourcecode.c.h; path = egemb_refit_banner.h; sourceTree = "<group>"; };
		12B816EE1644675800A433E7 /* icns.c */ = {isa = PBXFileReference; lastKnownFileType = sourcecode.c.c; path = icns.c; sourceTree = "<group>"; };
		12B816EF1644675800A433E7 /* IO.c */ = {isa = PBXFileReference; lastKnownFileType = sourcecode.c.c; path = IO.c; sourceTree = "<group>"; };
		12B816F01644675800A433E7 /* IO.h */ = {isa = PBXFileReference; lastKnownFileType = sourcecode.c.h; path = IO.h; sourceTree = "<group>"; };
		12B816F11644675800A433E7 /* lib.c */ = {isa = PBXFileReference; lastKnownFileType = sourcecode.c.c; path = lib.c; sourceTree = "<group>"; };
		12B816F21644675800A433E7 /* lib.h */ = {isa = PBXFileReference; lastKnownFileType = sourcecode.c.h; path = lib.h; sourceTree = "<group>"; };
		12B816F31644675800A433E7 /* main.c */ = {isa = PBXFileReference; lastKnownFileType = sourcecode.c.c; path = main.c; sourceTree = "<group>"; };
		12B816F41644675800A433E7 /* menu.c */ = {isa = PBXFileReference; lastKnownFileType = sourcecode.c.c; path = menu.c; sourceTree = "<group>"; };
		12B816F51644675800A433E7 /* screen.c */ = {isa = PBXFileReference; lastKnownFileType = sourcecode.c.c; path = screen.c; sourceTree = "<group>"; };
		12B816F61644675800A433E7 /* rEFIt.dsc */ = {isa = PBXFileReference; lastKnownFileType = text; path = rEFIt.dsc; sourceTree = "<group>"; };
		12B816F71644675800A433E7 /* refit.inf */ = {isa = PBXFileReference; lastKnownFileType = text; path = refit.inf; sourceTree = "<group>"; };
		12B816F81644675800A433E7 /* rEFIt64.dsc */ = {isa = PBXFileReference; lastKnownFileType = text; path = rEFIt64.dsc; sourceTree = "<group>"; };
		12B816F91644675800A433E7 /* refit64.inf */ = {isa = PBXFileReference; lastKnownFileType = text; path = refit64.inf; sourceTree = "<group>"; };
		12B816FE1644675800A433E7 /* vers.txt */ = {isa = PBXFileReference; lastKnownFileType = text; path = vers.txt; sourceTree = "<group>"; };
		12B816FF1644675800A433E7 /* Version.h */ = {isa = PBXFileReference; lastKnownFileType = sourcecode.c.h; path = Version.h; sourceTree = "<group>"; };
/* End PBXFileReference section */

/* Begin PBXFrameworksBuildPhase section */
		12B816671644674A00A433E7 /* Frameworks */ = {
			isa = PBXFrameworksBuildPhase;
			buildActionMask = 2147483647;
			files = (
			);
			runOnlyForDeploymentPostprocessing = 0;
		};
/* End PBXFrameworksBuildPhase section */

/* Begin PBXGroup section */
		123F0952164F96D0008C1C1C /* Library */ = {
			isa = PBXGroup;
			children = (
				123F0953164F96D0008C1C1C /* MemLogLibDefault */,
			);
			name = Library;
			path = ../Library;
			sourceTree = "<group>";
		};
		123F0953164F96D0008C1C1C /* MemLogLibDefault */ = {
			isa = PBXGroup;
			children = (
				123F0954164F96D0008C1C1C /* MemLogLib.c */,
				123F0955164F96D0008C1C1C /* MemLogLibDefault.inf */,
			);
			path = MemLogLibDefault;
			sourceTree = "<group>";
		};
		123F0957164F96DB008C1C1C /* Include */ = {
			isa = PBXGroup;
			children = (
				123F0958164F96DB008C1C1C /* EfiFlashMap.h */,
				123F0959164F96DB008C1C1C /* EfiLdrHandoff.h */,
				123F095A164F96DB008C1C1C /* FlashLayout.h */,
				123F095B164F96DB008C1C1C /* Guid */,
				123F0963164F96DB008C1C1C /* IndustryStandards */,
				123F0966164F96DB008C1C1C /* Library */,
				123F0969164F96DB008C1C1C /* Protocol */,
			);
			name = Include;
			path = ../Include;
			sourceTree = "<group>";
		};
		123F095B164F96DB008C1C1C /* Guid */ = {
			isa = PBXGroup;
			children = (
				123F095C164F96DB008C1C1C /* AcpiDescription.h */,
				123F095D164F96DB008C1C1C /* ConsoleOutConfig.h */,
				123F095E164F96DB008C1C1C /* DxeCoreFileName.h */,
				123F095F164F96DB008C1C1C /* FlashMapHob.h */,
				123F0960164F96DB008C1C1C /* LdrMemoryDescriptor.h */,
				123F0961164F96DB008C1C1C /* PciExpressBaseAddress.h */,
				123F0962164F96DB008C1C1C /* PciOptionRomTable.h */,
			);
			path = Guid;
			sourceTree = "<group>";
		};
		123F0963164F96DB008C1C1C /* IndustryStandards */ = {
			isa = PBXGroup;
			children = (
				123F0964164F96DB008C1C1C /* PeImage.h */,
				123F0965164F96DB008C1C1C /* Smbios.h */,
			);
			path = IndustryStandards;
			sourceTree = "<group>";
		};
		123F0966164F96DB008C1C1C /* Library */ = {
			isa = PBXGroup;
			children = (
				123F0967164F96DB008C1C1C /* MemLogLib.h */,
				123F0968164F96DB008C1C1C /* PeCoffLib.h */,
			);
			path = Library;
			sourceTree = "<group>";
		};
		123F0969164F96DB008C1C1C /* Protocol */ = {
			isa = PBXGroup;
			children = (
				123F096A164F96DB008C1C1C /* FSInjectProtocol.h */,
				123F096B164F96DB008C1C1C /* MsgLog.h */,
			);
			path = Protocol;
			sourceTree = "<group>";
		};
		123F096C164F96F4008C1C1C /* MsgLog */ = {
			isa = PBXGroup;
			children = (
				123F096D164F96F4008C1C1C /* MsgLog.c */,
				123F096E164F96F4008C1C1C /* MsgLog.inf */,
			);
			name = MsgLog;
			path = ../MsgLog;
			sourceTree = "<group>";
		};
		123F096F164F9C00008C1C1C /* BiosVideo */ = {
			isa = PBXGroup;
			children = (
				123F0970164F9C00008C1C1C /* BiosVideo.c */,
				123F0971164F9C00008C1C1C /* BiosVideo.h */,
				123F0972164F9C00008C1C1C /* BiosVideo.inf */,
				123F0973164F9C00008C1C1C /* BiosVideoNew.c */,
				123F0974164F9C00008C1C1C /* ComponentName.c */,
				123F0975164F9C00008C1C1C /* LegacyBiosThunk.c */,
				123F0976164F9C00008C1C1C /* VesaBiosExtensions.h */,
			);
			name = BiosVideo;
			path = ../BiosVideo;
			sourceTree = "<group>";
		};
		123F0978164FA3AF008C1C1C /* VideoDxe */ = {
			isa = PBXGroup;
			children = (
				123F0979164FA3AF008C1C1C /* BiosVideo.c */,
				123F097A164FA3AF008C1C1C /* BiosVideo.h */,
				123F097B164FA3AF008C1C1C /* ComponentName.c */,
				123F097C164FA3AF008C1C1C /* VesaBiosExtensions.h */,
				123F097D164FA3AF008C1C1C /* VideoDxe.inf */,
			);
			name = VideoDxe;
			path = ../LegacyBios/VideoDxe;
			sourceTree = "<group>";
		};
		12B8165F1644674A00A433E7 = {
			isa = PBXGroup;
			children = (
				123F096F164F9C00008C1C1C /* BiosVideo */,
				12B8166D1644674A00A433E7 /* CloverX */,
				123F0952164F96D0008C1C1C /* Library */,
				123F0957164F96DB008C1C1C /* Include */,
				123F096C164F96F4008C1C1C /* MsgLog */,
				123F0978164FA3AF008C1C1C /* VideoDxe */,
			);
			sourceTree = "<group>";
		};
		12B8166D1644674A00A433E7 /* CloverX */ = {
			isa = PBXGroup;
			children = (
				12B816771644675800A433E7 /* rEFIt_UEFI */,
			);
			path = CloverX;
			sourceTree = "<group>";
		};
		12B816771644675800A433E7 /* rEFIt_UEFI */ = {
			isa = PBXGroup;
			children = (
				12B816781644675800A433E7 /* build.sh */,
				12B816791644675800A433E7 /* build32.sh */,
				12B8167A1644675800A433E7 /* build64.sh */,
				12B8167B1644675800A433E7 /* buildc32.sh */,
				12B8167C1644675800A433E7 /* buildc64.sh */,
				12B8167D1644675800A433E7 /* EfiLib */,
				12B816841644675800A433E7 /* IA32 */,
				12B8168A1644675800A433E7 /* include */,
				12B816931644675800A433E7 /* libeg */,
				12B816A31644675800A433E7 /* Platform */,
				12B816EA1644675800A433E7 /* refit */,
				12B816F61644675800A433E7 /* rEFIt.dsc */,
				12B816F71644675800A433E7 /* refit.inf */,
				12B816F81644675800A433E7 /* rEFIt64.dsc */,
				12B816F91644675800A433E7 /* refit64.inf */,
				12B816FE1644675800A433E7 /* vers.txt */,
				12B816FF1644675800A433E7 /* Version.h */,
			);
			name = rEFIt_UEFI;
			path = ../../rEFIt_UEFI;
			sourceTree = "<group>";
		};
		12B8167D1644675800A433E7 /* EfiLib */ = {
			isa = PBXGroup;
			children = (
				12B8167E1644675800A433E7 /* BdsConnect.c */,
				12B8167F1644675800A433E7 /* BmLib.c */,
				12B816801644675800A433E7 /* DevicePath.c */,
				12B816811644675800A433E7 /* GenericBdsLib.h */,
				12B816821644675800A433E7 /* InternalBdsLib.h */,
				12B816831644675800A433E7 /* PiBootMode.h */,
			);
			path = EfiLib;
			sourceTree = "<group>";
		};
		12B816841644675800A433E7 /* IA32 */ = {
			isa = PBXGroup;
			children = (
				12B816851644675800A433E7 /* llmul.asm */,
				12B816861644675800A433E7 /* llshl.asm */,
				12B816871644675800A433E7 /* ulldiv.asm */,
				12B816881644675800A433E7 /* ullrem.asm */,
				12B816891644675800A433E7 /* ullshr.asm */,
			);
			path = IA32;
			sourceTree = "<group>";
		};
		12B8168A1644675800A433E7 /* include */ = {
			isa = PBXGroup;
			children = (
				12B8168B1644675800A433E7 /* efiConsoleControl.h */,
				12B8168C1644675800A433E7 /* egemb_back_selected_small.h */,
				12B8168D1644675800A433E7 /* egemb_refit_banner.h */,
				12B8168E1644675800A433E7 /* Handle.h */,
				12B8168F1644675800A433E7 /* syslinux_mbr.h */,
				12B816901644675800A433E7 /* UsbMass.h */,
				12B816911644675800A433E7 /* UsbMassBoot.h */,
				12B816921644675800A433E7 /* UsbMassImpl.h */,
			);
			path = include;
			sourceTree = "<group>";
		};
		12B816931644675800A433E7 /* libeg */ = {
			isa = PBXGroup;
			children = (
				12B816941644675800A433E7 /* efiConsoleControl.h */,
				12B816951644675800A433E7 /* EfiFileLib.h */,
				12B816961644675800A433E7 /* efiGraphicsOutput.h */,
				12B816971644675800A433E7 /* efiUgaDraw.h */,
				12B816981644675800A433E7 /* egemb_font.h */,
				12B816991644675800A433E7 /* image.c */,
				12B8169A1644675800A433E7 /* libeg.h */,
				12B8169B1644675800A433E7 /* libeg.mak */,
				12B8169C1644675800A433E7 /* libeg.mkefi */,
				12B8169D1644675800A433E7 /* libegint.h */,
				12B8169E1644675800A433E7 /* libscreen.c */,
				12B8169F1644675800A433E7 /* load_bmp.c */,
				12B816A01644675800A433E7 /* load_icns.c */,
				12B816A11644675800A433E7 /* mkegemb.py */,
				12B816A21644675800A433E7 /* text.c */,
			);
			path = libeg;
			sourceTree = "<group>";
		};
		12B816A31644675800A433E7 /* Platform */ = {
			isa = PBXGroup;
			children = (
				12B816A41644675800A433E7 /* AcpiAml.h */,
				12B816A51644675800A433E7 /* AcpiPatcher.c */,
				12B816A61644675800A433E7 /* AmlGenerator.c */,
				12B816A71644675800A433E7 /* AmlGenerator.h */,
				12B816A81644675800A433E7 /* ati.c */,
				12B816A91644675800A433E7 /* ati.h */,
				12B816AA1644675800A433E7 /* ati_old.c */,
				12B816AB1644675800A433E7 /* ati_reg.h */,
				12B816AC1644675800A433E7 /* AtomBios.h */,
				12B816AD1644675800A433E7 /* b64cdecode.c */,
				12B816AE1644675800A433E7 /* b64cdecode.h */,
				12B816AF1644675800A433E7 /* BiosVideo.h */,
				12B816B01644675800A433E7 /* Bmp.h */,
				12B816B11644675800A433E7 /* boot.h */,
				12B816B21644675800A433E7 /* BootLog.c */,
				12B816B31644675800A433E7 /* BootOptions.c */,
				12B816B41644675800A433E7 /* Console.c */,
				12B816B51644675800A433E7 /* cpu.c */,
				12B816B61644675800A433E7 /* DataHubCpu.c */,
				12B816B71644675800A433E7 /* DataHubRecords.h */,
				12B816B81644675800A433E7 /* DbgTime.c */,
				12B816B91644675800A433E7 /* device_inject.c */,
				12B816BA1644675800A433E7 /* device_inject.h */,
				12B816BB1644675800A433E7 /* device_tree.c */,
				12B816BC1644675800A433E7 /* device_tree.h */,
				12B816BD1644675800A433E7 /* Display.h */,
				12B816BE1644675800A433E7 /* Events.c */,
				12B816BF1644675800A433E7 /* FixBiosDsdt.c */,
				12B816C01644675800A433E7 /* gma.c */,
				12B816C11644675800A433E7 /* gma.h */,
				12B816C21644675800A433E7 /* guid.c */,
				12B816C31644675800A433E7 /* Injectors.c */,
				12B816C41644675800A433E7 /* kernel_patcher.c */,
				12B816C51644675800A433E7 /* kernel_patcher.h */,
				12B816C61644675800A433E7 /* kext_inject.c */,
				12B816C71644675800A433E7 /* kext_inject.h */,
				12B816C81644675800A433E7 /* kext_patcher.c */,
				12B816C91644675800A433E7 /* LegacyBiosThunk.c */,
				12B816CA1644675800A433E7 /* LegacyBiosThunk.h */,
				12B816CB1644675800A433E7 /* LegacyBoot.c */,
				12B816CC1644675800A433E7 /* loader.h */,
				12B816CD1644675800A433E7 /* LoaderUefi.h */,
				12B816CE1644675800A433E7 /* memvendors.h */,
				12B816CF1644675800A433E7 /* nvidia.c */,
				12B816D01644675800A433E7 /* nvidia.h */,
				12B816D11644675800A433E7 /* Nvram.c */,
				12B816D21644675800A433E7 /* pci.c */,
				12B816D31644675800A433E7 /* picopng.c */,
				12B816D41644675800A433E7 /* picopng.h */,
				12B816D51644675800A433E7 /* Platform.h */,
				12B816D61644675800A433E7 /* platformdata.c */,
				12B816D71644675800A433E7 /* plist.c */,
				12B816D81644675800A433E7 /* Pointer.c */,
				12B816D91644675800A433E7 /* Resolutions.c */,
				12B816DA1644675800A433E7 /* Resolutions.h */,
				12B816DB1644675800A433E7 /* Settings.c */,
				12B816DC1644675800A433E7 /* smbios.c */,
				12B816DD1644675800A433E7 /* SmBios.h */,
				12B816DE1644675800A433E7 /* spd.c */,
				12B816DF1644675800A433E7 /* spd.h */,
				12B816E01644675800A433E7 /* sse3_5_patcher.h */,
				12B816E11644675800A433E7 /* sse3_patcher.h */,
				12B816E21644675800A433E7 /* StateGenerator.c */,
				12B816E31644675800A433E7 /* StateGenerator.h */,
				12B816E41644675800A433E7 /* stringTable.c */,
				12B816E51644675800A433E7 /* usbfix.c */,
				12B816E61644675800A433E7 /* UsbMass.h */,
				12B816E71644675800A433E7 /* UsbMassBoot.h */,
				12B816E81644675800A433E7 /* UsbMassImpl.h */,
				12B816E91644675800A433E7 /* VesaBiosExtensions.h */,
			);
			path = Platform;
			sourceTree = "<group>";
		};
		12B816EA1644675800A433E7 /* refit */ = {
			isa = PBXGroup;
			children = (
				12B816EB1644675800A433E7 /* config.c */,
				12B816EC1644675800A433E7 /* egemb_back_selected_small.h */,
				12B816ED1644675800A433E7 /* egemb_refit_banner.h */,
				12B816EE1644675800A433E7 /* icns.c */,
				12B816EF1644675800A433E7 /* IO.c */,
				12B816F01644675800A433E7 /* IO.h */,
				12B816F11644675800A433E7 /* lib.c */,
				12B816F21644675800A433E7 /* lib.h */,
				12B816F31644675800A433E7 /* main.c */,
				12B816F41644675800A433E7 /* menu.c */,
				12B816F51644675800A433E7 /* screen.c */,
			);
			path = refit;
			sourceTree = "<group>";
		};
/* End PBXGroup section */

/* Begin PBXNativeTarget section */
		12B816691644674A00A433E7 /* CloverX */ = {
			isa = PBXNativeTarget;
			buildConfigurationList = 12B816741644674A00A433E7 /* Build configuration list for PBXNativeTarget "CloverX" */;
			buildPhases = (
				12B816661644674A00A433E7 /* Sources */,
				12B816671644674A00A433E7 /* Frameworks */,
				12B816681644674A00A433E7 /* CopyFiles */,
			);
			buildRules = (
			);
			dependencies = (
			);
			name = CloverX;
			productName = CloverX;
			productReference = 12AD147D165026A70074B8D3 /* CloverX */;
			productType = "com.apple.product-type.tool";
		};
/* End PBXNativeTarget section */

/* Begin PBXProject section */
		12B816611644674A00A433E7 /* Project object */ = {
			isa = PBXProject;
			attributes = {
				LastUpgradeCheck = 0450;
				ORGANIZATIONNAME = Slice;
			};
			buildConfigurationList = 12B816641644674A00A433E7 /* Build configuration list for PBXProject "CloverX" */;
			compatibilityVersion = "Xcode 3.2";
			developmentRegion = English;
			hasScannedForEncodings = 0;
			knownRegions = (
				en,
			);
			mainGroup = 12B8165F1644674A00A433E7;
			productRefGroup = 12B8165F1644674A00A433E7;
			projectDirPath = "";
			projectRoot = "";
			targets = (
				12B816691644674A00A433E7 /* CloverX */,
			);
		};
/* End PBXProject section */

/* Begin PBXSourcesBuildPhase section */
		12B816661644674A00A433E7 /* Sources */ = {
			isa = PBXSourcesBuildPhase;
			buildActionMask = 2147483647;
			files = (
			);
			runOnlyForDeploymentPostprocessing = 0;
		};
/* End PBXSourcesBuildPhase section */

/* Begin XCBuildConfiguration section */
		12B816721644674A00A433E7 /* Debug */ = {
			isa = XCBuildConfiguration;
			buildSettings = {
				ALWAYS_SEARCH_USER_PATHS = NO;
				ARCHS = "$(ARCHS_STANDARD_64_BIT)";
				CLANG_CXX_LANGUAGE_STANDARD = "gnu++0x";
				CLANG_CXX_LIBRARY = "libc++";
				CLANG_ENABLE_OBJC_ARC = YES;
				CLANG_WARN_EMPTY_BODY = YES;
				CLANG_WARN__DUPLICATE_METHOD_MATCH = YES;
				COPY_PHASE_STRIP = NO;
				GCC_C_LANGUAGE_STANDARD = gnu99;
				GCC_DYNAMIC_NO_PIC = NO;
				GCC_ENABLE_OBJC_EXCEPTIONS = YES;
				GCC_OPTIMIZATION_LEVEL = 0;
				GCC_PREPROCESSOR_DEFINITIONS = (
					"DEBUG=1",
					"$(inherited)",
				);
				GCC_SYMBOLS_PRIVATE_EXTERN = NO;
				GCC_WARN_64_TO_32_BIT_CONVERSION = YES;
				GCC_WARN_ABOUT_RETURN_TYPE = YES;
				GCC_WARN_UNINITIALIZED_AUTOS = YES;
				GCC_WARN_UNUSED_VARIABLE = YES;
				MACOSX_DEPLOYMENT_TARGET = 10.8;
				ONLY_ACTIVE_ARCH = YES;
				SDKROOT = macosx;
			};
			name = Debug;
		};
		12B816731644674A00A433E7 /* Release */ = {
			isa = XCBuildConfiguration;
			buildSettings = {
				ALWAYS_SEARCH_USER_PATHS = NO;
				ARCHS = "$(ARCHS_STANDARD_64_BIT)";
				CLANG_CXX_LANGUAGE_STANDARD = "gnu++0x";
				CLANG_CXX_LIBRARY = "libc++";
				CLANG_ENABLE_OBJC_ARC = YES;
				CLANG_WARN_EMPTY_BODY = YES;
				CLANG_WARN__DUPLICATE_METHOD_MATCH = YES;
				COPY_PHASE_STRIP = YES;
				DEBUG_INFORMATION_FORMAT = "dwarf-with-dsym";
				GCC_C_LANGUAGE_STANDARD = gnu99;
				GCC_ENABLE_OBJC_EXCEPTIONS = YES;
				GCC_WARN_64_TO_32_BIT_CONVERSION = YES;
				GCC_WARN_ABOUT_RETURN_TYPE = YES;
				GCC_WARN_UNINITIALIZED_AUTOS = YES;
				GCC_WARN_UNUSED_VARIABLE = YES;
				MACOSX_DEPLOYMENT_TARGET = 10.8;
				SDKROOT = macosx;
			};
			name = Release;
		};
		12B816751644674A00A433E7 /* Debug */ = {
			isa = XCBuildConfiguration;
			buildSettings = {
				PRODUCT_NAME = "$(TARGET_NAME)";
			};
			name = Debug;
		};
		12B816761644674A00A433E7 /* Release */ = {
			isa = XCBuildConfiguration;
			buildSettings = {
				PRODUCT_NAME = "$(TARGET_NAME)";
			};
			name = Release;
		};
/* End XCBuildConfiguration section */

/* Begin XCConfigurationList section */
		12B816641644674A00A433E7 /* Build configuration list for PBXProject "CloverX" */ = {
			isa = XCConfigurationList;
			buildConfigurations = (
				12B816721644674A00A433E7 /* Debug */,
				12B816731644674A00A433E7 /* Release */,
			);
			defaultConfigurationIsVisible = 0;
			defaultConfigurationName = Release;
		};
		12B816741644674A00A433E7 /* Build configuration list for PBXNativeTarget "CloverX" */ = {
			isa = XCConfigurationList;
			buildConfigurations = (
				12B816751644674A00A433E7 /* Debug */,
				12B816761644674A00A433E7 /* Release */,
			);
			defaultConfigurationIsVisible = 0;
			defaultConfigurationName = Release;
		};
/* End XCConfigurationList section */
	};
	rootObject = 12B816611644674A00A433E7 /* Project object */;
}
