// !$*UTF8*$!
{
	archiveVersion = 1;
	classes = {
	};
	objectVersion = 50;
	objects = {

/* Begin PBXBuildFile section */
		9A0B08562402FF7700E2B470 /* XStringWArray.cpp in Sources */ = {isa = PBXBuildFile; fileRef = 9A0B08472402FE9300E2B470 /* XStringWArray.cpp */; };
		9A0B08572402FF7A00E2B470 /* XToolsCommon.cpp in Sources */ = {isa = PBXBuildFile; fileRef = 9A0B08492402FE9300E2B470 /* XToolsCommon.cpp */; };
		9A0B08582402FF7F00E2B470 /* XStringWArray_test.cpp in Sources */ = {isa = PBXBuildFile; fileRef = 9A0B084F2402FE9B00E2B470 /* XStringWArray_test.cpp */; };
		9A0B08592402FF8200E2B470 /* all_tests.cpp in Sources */ = {isa = PBXBuildFile; fileRef = 9A0B08512402FE9B00E2B470 /* all_tests.cpp */; };
		9A0B085A2402FF8400E2B470 /* XObjArray_tests.cpp in Sources */ = {isa = PBXBuildFile; fileRef = 9A0B08522402FE9B00E2B470 /* XObjArray_tests.cpp */; };
		9A0B085B2402FF8700E2B470 /* XArray_tests.cpp in Sources */ = {isa = PBXBuildFile; fileRef = 9A0B08532402FE9B00E2B470 /* XArray_tests.cpp */; };
		9A0B085C2402FF8B00E2B470 /* XStringW_test.cpp in Sources */ = {isa = PBXBuildFile; fileRef = 9A0B08552402FE9B00E2B470 /* XStringW_test.cpp */; };
		9A0B085E240300E000E2B470 /* Platform.cpp in Sources */ = {isa = PBXBuildFile; fileRef = 9A0B085D240300E000E2B470 /* Platform.cpp */; };
		9A0B085F240308E400E2B470 /* XStringW.cpp in Sources */ = {isa = PBXBuildFile; fileRef = 9A0B08482402FE9300E2B470 /* XStringW.cpp */; };
		9A0B08662403144C00E2B470 /* global1.cpp in Sources */ = {isa = PBXBuildFile; fileRef = 9A0B08642403144C00E2B470 /* global1.cpp */; };
		9A0B08672403144C00E2B470 /* global2.cpp in Sources */ = {isa = PBXBuildFile; fileRef = 9A0B08652403144C00E2B470 /* global2.cpp */; };
		9A0B086D24039FE700E2B470 /* printf_lite.cpp in Sources */ = {isa = PBXBuildFile; fileRef = 9A0B086B24039FE700E2B470 /* printf_lite.cpp */; };
		9A0B08732403B08400E2B470 /* XObjArray_tests.cpp in Sources */ = {isa = PBXBuildFile; fileRef = 9A0B08522402FE9B00E2B470 /* XObjArray_tests.cpp */; };
		9A0B08742403B08400E2B470 /* main.cpp in Sources */ = {isa = PBXBuildFile; fileRef = 9A9223302402FD1000483CBA /* main.cpp */; };
		9A0B08752403B08400E2B470 /* printf_lite.cpp in Sources */ = {isa = PBXBuildFile; fileRef = 9A0B086B24039FE700E2B470 /* printf_lite.cpp */; };
		9A0B08772403B08400E2B470 /* XStringWArray.cpp in Sources */ = {isa = PBXBuildFile; fileRef = 9A0B08472402FE9300E2B470 /* XStringWArray.cpp */; };
		9A0B08782403B08400E2B470 /* global2.cpp in Sources */ = {isa = PBXBuildFile; fileRef = 9A0B08652403144C00E2B470 /* global2.cpp */; };
		9A0B08792403B08400E2B470 /* XStringW.cpp in Sources */ = {isa = PBXBuildFile; fileRef = 9A0B08482402FE9300E2B470 /* XStringW.cpp */; };
		9A0B087A2403B08400E2B470 /* all_tests.cpp in Sources */ = {isa = PBXBuildFile; fileRef = 9A0B08512402FE9B00E2B470 /* all_tests.cpp */; };
		9A0B087B2403B08400E2B470 /* global1.cpp in Sources */ = {isa = PBXBuildFile; fileRef = 9A0B08642403144C00E2B470 /* global1.cpp */; };
		9A0B087C2403B08400E2B470 /* XToolsCommon.cpp in Sources */ = {isa = PBXBuildFile; fileRef = 9A0B08492402FE9300E2B470 /* XToolsCommon.cpp */; };
		9A0B087D2403B08400E2B470 /* XStringWArray_test.cpp in Sources */ = {isa = PBXBuildFile; fileRef = 9A0B084F2402FE9B00E2B470 /* XStringWArray_test.cpp */; };
		9A0B087E2403B08400E2B470 /* XArray_tests.cpp in Sources */ = {isa = PBXBuildFile; fileRef = 9A0B08532402FE9B00E2B470 /* XArray_tests.cpp */; };
		9A0B087F2403B08400E2B470 /* Platform.cpp in Sources */ = {isa = PBXBuildFile; fileRef = 9A0B085D240300E000E2B470 /* Platform.cpp */; };
		9A0B08802403B08400E2B470 /* XStringW_test.cpp in Sources */ = {isa = PBXBuildFile; fileRef = 9A0B08552402FE9B00E2B470 /* XStringW_test.cpp */; };
		9A9223312402FD1000483CBA /* main.cpp in Sources */ = {isa = PBXBuildFile; fileRef = 9A9223302402FD1000483CBA /* main.cpp */; };
		9AA05BB7240FC78D008EA4F8 /* utf8Conversion.cpp in Sources */ = {isa = PBXBuildFile; fileRef = 9AA05BB6240FC78D008EA4F8 /* utf8Conversion.cpp */; };
		9AA05BB8240FC78D008EA4F8 /* utf8Conversion.cpp in Sources */ = {isa = PBXBuildFile; fileRef = 9AA05BB6240FC78D008EA4F8 /* utf8Conversion.cpp */; };
/* End PBXBuildFile section */

/* Begin PBXCopyFilesBuildPhase section */
		9A0B08822403B08400E2B470 /* CopyFiles */ = {
			isa = PBXCopyFilesBuildPhase;
			buildActionMask = 2147483647;
			dstPath = /usr/share/man/man1/;
			dstSubfolderSpec = 0;
			files = (
			);
			runOnlyForDeploymentPostprocessing = 1;
		};
		9A92232B2402FD1000483CBA /* CopyFiles */ = {
			isa = PBXCopyFilesBuildPhase;
			buildActionMask = 2147483647;
			dstPath = /usr/share/man/man1/;
			dstSubfolderSpec = 0;
			files = (
			);
			runOnlyForDeploymentPostprocessing = 1;
		};
/* End PBXCopyFilesBuildPhase section */

/* Begin PBXFileReference section */
		9A0B08442402FE9300E2B470 /* XStringWArray.h */ = {isa = PBXFileReference; lastKnownFileType = sourcecode.c.h; path = XStringWArray.h; sourceTree = "<group>"; };
		9A0B08452402FE9300E2B470 /* XToolsCommon.h */ = {isa = PBXFileReference; lastKnownFileType = sourcecode.c.h; path = XToolsCommon.h; sourceTree = "<group>"; };
		9A0B08462402FE9300E2B470 /* XStringW.h */ = {isa = PBXFileReference; lastKnownFileType = sourcecode.c.h; path = XStringW.h; sourceTree = "<group>"; };
		9A0B08472402FE9300E2B470 /* XStringWArray.cpp */ = {isa = PBXFileReference; lastKnownFileType = sourcecode.cpp.cpp; path = XStringWArray.cpp; sourceTree = "<group>"; };
		9A0B08482402FE9300E2B470 /* XStringW.cpp */ = {isa = PBXFileReference; lastKnownFileType = sourcecode.cpp.cpp; path = XStringW.cpp; sourceTree = "<group>"; };
		9A0B08492402FE9300E2B470 /* XToolsCommon.cpp */ = {isa = PBXFileReference; lastKnownFileType = sourcecode.cpp.cpp; path = XToolsCommon.cpp; sourceTree = "<group>"; };
		9A0B084A2402FE9300E2B470 /* XArray.h */ = {isa = PBXFileReference; lastKnownFileType = sourcecode.c.h; path = XArray.h; sourceTree = "<group>"; };
		9A0B084B2402FE9300E2B470 /* XObjArray.h */ = {isa = PBXFileReference; lastKnownFileType = sourcecode.c.h; path = XObjArray.h; sourceTree = "<group>"; };
		9A0B084D2402FE9B00E2B470 /* XStringWArray_test.h */ = {isa = PBXFileReference; lastKnownFileType = sourcecode.c.h; path = XStringWArray_test.h; sourceTree = "<group>"; };
		9A0B084E2402FE9B00E2B470 /* XArray_tests.h */ = {isa = PBXFileReference; lastKnownFileType = sourcecode.c.h; path = XArray_tests.h; sourceTree = "<group>"; };
		9A0B084F2402FE9B00E2B470 /* XStringWArray_test.cpp */ = {isa = PBXFileReference; lastKnownFileType = sourcecode.cpp.cpp; path = XStringWArray_test.cpp; sourceTree = "<group>"; };
		9A0B08502402FE9B00E2B470 /* XObjArray_tests.h */ = {isa = PBXFileReference; lastKnownFileType = sourcecode.c.h; path = XObjArray_tests.h; sourceTree = "<group>"; };
		9A0B08512402FE9B00E2B470 /* all_tests.cpp */ = {isa = PBXFileReference; lastKnownFileType = sourcecode.cpp.cpp; path = all_tests.cpp; sourceTree = "<group>"; };
		9A0B08522402FE9B00E2B470 /* XObjArray_tests.cpp */ = {isa = PBXFileReference; lastKnownFileType = sourcecode.cpp.cpp; path = XObjArray_tests.cpp; sourceTree = "<group>"; };
		9A0B08532402FE9B00E2B470 /* XArray_tests.cpp */ = {isa = PBXFileReference; lastKnownFileType = sourcecode.cpp.cpp; path = XArray_tests.cpp; sourceTree = "<group>"; };
		9A0B08542402FE9B00E2B470 /* all_tests.h */ = {isa = PBXFileReference; lastKnownFileType = sourcecode.c.h; path = all_tests.h; sourceTree = "<group>"; };
		9A0B08552402FE9B00E2B470 /* XStringW_test.cpp */ = {isa = PBXFileReference; lastKnownFileType = sourcecode.cpp.cpp; path = XStringW_test.cpp; sourceTree = "<group>"; };
		9A0B085D240300E000E2B470 /* Platform.cpp */ = {isa = PBXFileReference; lastKnownFileType = sourcecode.cpp.cpp; path = Platform.cpp; sourceTree = "<group>"; };
		9A0B08632403132300E2B470 /* XStringW_test.h */ = {isa = PBXFileReference; lastKnownFileType = sourcecode.c.h; path = XStringW_test.h; sourceTree = "<group>"; };
		9A0B08642403144C00E2B470 /* global1.cpp */ = {isa = PBXFileReference; fileEncoding = 4; lastKnownFileType = sourcecode.cpp.cpp; path = global1.cpp; sourceTree = "<group>"; };
		9A0B08652403144C00E2B470 /* global2.cpp */ = {isa = PBXFileReference; fileEncoding = 4; lastKnownFileType = sourcecode.cpp.cpp; path = global2.cpp; sourceTree = "<group>"; };
		9A0B086B24039FE700E2B470 /* printf_lite.cpp */ = {isa = PBXFileReference; fileEncoding = 4; lastKnownFileType = sourcecode.cpp.cpp; name = printf_lite.cpp; path = "../../../../../Embedded/Shared/printf_lite-master/printf_lite.cpp"; sourceTree = "<group>"; };
		9A0B086C24039FE700E2B470 /* printf_lite.h */ = {isa = PBXFileReference; fileEncoding = 4; lastKnownFileType = sourcecode.c.h; name = printf_lite.h; path = "../../../../../Embedded/Shared/printf_lite-master/printf_lite.h"; sourceTree = "<group>"; };
		9A0B08862403B08400E2B470 /* cpp_tests UTF32 */ = {isa = PBXFileReference; explicitFileType = "compiled.mach-o.executable"; includeInIndex = 0; path = "cpp_tests UTF32"; sourceTree = BUILT_PRODUCTS_DIR; };
		9A92232D2402FD1000483CBA /* cpp_tests UTF16 */ = {isa = PBXFileReference; explicitFileType = "compiled.mach-o.executable"; includeInIndex = 0; path = "cpp_tests UTF16"; sourceTree = BUILT_PRODUCTS_DIR; };
		9A9223302402FD1000483CBA /* main.cpp */ = {isa = PBXFileReference; lastKnownFileType = sourcecode.cpp.cpp; path = main.cpp; sourceTree = "<group>"; };
		9A92234D2402FD9500483CBA /* Platform.h */ = {isa = PBXFileReference; lastKnownFileType = sourcecode.c.h; path = Platform.h; sourceTree = "<group>"; };
		9AA05BB6240FC78D008EA4F8 /* utf8Conversion.cpp */ = {isa = PBXFileReference; fileEncoding = 4; lastKnownFileType = sourcecode.cpp.cpp; path = utf8Conversion.cpp; sourceTree = "<group>"; };
		9AA05BB9240FC796008EA4F8 /* utf8Conversion.h */ = {isa = PBXFileReference; fileEncoding = 4; lastKnownFileType = sourcecode.c.h; path = utf8Conversion.h; sourceTree = "<group>"; };
/* End PBXFileReference section */

/* Begin PBXFrameworksBuildPhase section */
		9A0B08812403B08400E2B470 /* Frameworks */ = {
			isa = PBXFrameworksBuildPhase;
			buildActionMask = 2147483647;
			files = (
			);
			runOnlyForDeploymentPostprocessing = 0;
		};
		9A92232A2402FD1000483CBA /* Frameworks */ = {
			isa = PBXFrameworksBuildPhase;
			buildActionMask = 2147483647;
			files = (
			);
			runOnlyForDeploymentPostprocessing = 0;
		};
/* End PBXFrameworksBuildPhase section */

/* Begin PBXGroup section */
		9A0B08432402FE9300E2B470 /* cpp_foundation */ = {
			isa = PBXGroup;
			children = (
				9A0B08452402FE9300E2B470 /* XToolsCommon.h */,
				9A0B08492402FE9300E2B470 /* XToolsCommon.cpp */,
				9A0B08442402FE9300E2B470 /* XStringWArray.h */,
				9A0B08472402FE9300E2B470 /* XStringWArray.cpp */,
				9A0B08462402FE9300E2B470 /* XStringW.h */,
				9A0B08482402FE9300E2B470 /* XStringW.cpp */,
				9A0B084A2402FE9300E2B470 /* XArray.h */,
				9A0B084B2402FE9300E2B470 /* XObjArray.h */,
				9A0B086B24039FE700E2B470 /* printf_lite.cpp */,
				9A0B086C24039FE700E2B470 /* printf_lite.h */,
				9AA05BB6240FC78D008EA4F8 /* utf8Conversion.cpp */,
				9AA05BB9240FC796008EA4F8 /* utf8Conversion.h */,
			);
			name = cpp_foundation;
			path = ../../rEFIt_UEFI/cpp_foundation;
			sourceTree = "<group>";
		};
		9A0B084C2402FE9B00E2B470 /* cpp_unit_test */ = {
			isa = PBXGroup;
			children = (
				9A0B08642403144C00E2B470 /* global1.cpp */,
				9A0B08652403144C00E2B470 /* global2.cpp */,
				9A0B08542402FE9B00E2B470 /* all_tests.h */,
				9A0B08512402FE9B00E2B470 /* all_tests.cpp */,
				9A0B08632403132300E2B470 /* XStringW_test.h */,
				9A0B08552402FE9B00E2B470 /* XStringW_test.cpp */,
				9A0B084D2402FE9B00E2B470 /* XStringWArray_test.h */,
				9A0B084F2402FE9B00E2B470 /* XStringWArray_test.cpp */,
				9A0B084E2402FE9B00E2B470 /* XArray_tests.h */,
				9A0B08532402FE9B00E2B470 /* XArray_tests.cpp */,
				9A0B08502402FE9B00E2B470 /* XObjArray_tests.h */,
				9A0B08522402FE9B00E2B470 /* XObjArray_tests.cpp */,
			);
			name = cpp_unit_test;
			path = ../../rEFIt_UEFI/cpp_unit_test;
			sourceTree = "<group>";
		};
		9A9223242402FD1000483CBA = {
			isa = PBXGroup;
			children = (
				9A0B08432402FE9300E2B470 /* cpp_foundation */,
				9A0B084C2402FE9B00E2B470 /* cpp_unit_test */,
				9A92232F2402FD1000483CBA /* cpp_tests */,
				9A92232E2402FD1000483CBA /* Products */,
			);
			sourceTree = "<group>";
		};
		9A92232E2402FD1000483CBA /* Products */ = {
			isa = PBXGroup;
			children = (
				9A92232D2402FD1000483CBA /* cpp_tests UTF16 */,
				9A0B08862403B08400E2B470 /* cpp_tests UTF32 */,
			);
			name = Products;
			sourceTree = "<group>";
		};
		9A92232F2402FD1000483CBA /* cpp_tests */ = {
			isa = PBXGroup;
			children = (
				9A9223302402FD1000483CBA /* main.cpp */,
				9A92234D2402FD9500483CBA /* Platform.h */,
				9A0B085D240300E000E2B470 /* Platform.cpp */,
			);
			name = cpp_tests;
			path = src;
			sourceTree = "<group>";
		};
/* End PBXGroup section */

/* Begin PBXNativeTarget section */
		9A0B08712403B08400E2B470 /* cpp_tests UTF32 */ = {
			isa = PBXNativeTarget;
			buildConfigurationList = 9A0B08832403B08400E2B470 /* Build configuration list for PBXNativeTarget "cpp_tests UTF32" */;
			buildPhases = (
				9A0B08722403B08400E2B470 /* Sources */,
				9A0B08812403B08400E2B470 /* Frameworks */,
				9A0B08822403B08400E2B470 /* CopyFiles */,
			);
			buildRules = (
			);
			dependencies = (
			);
			name = "cpp_tests UTF32";
			productName = cpp_tests;
			productReference = 9A0B08862403B08400E2B470 /* cpp_tests UTF32 */;
			productType = "com.apple.product-type.tool";
		};
		9A92232C2402FD1000483CBA /* cpp_tests UTF16 */ = {
			isa = PBXNativeTarget;
			buildConfigurationList = 9A9223342402FD1000483CBA /* Build configuration list for PBXNativeTarget "cpp_tests UTF16" */;
			buildPhases = (
				9A9223292402FD1000483CBA /* Sources */,
				9A92232A2402FD1000483CBA /* Frameworks */,
				9A92232B2402FD1000483CBA /* CopyFiles */,
			);
			buildRules = (
			);
			dependencies = (
			);
			name = "cpp_tests UTF16";
			productName = cpp_tests;
			productReference = 9A92232D2402FD1000483CBA /* cpp_tests UTF16 */;
			productType = "com.apple.product-type.tool";
		};
/* End PBXNativeTarget section */

/* Begin PBXProject section */
		9A9223252402FD1000483CBA /* Project object */ = {
			isa = PBXProject;
			attributes = {
				LastUpgradeCheck = 1010;
				ORGANIZATIONNAME = "JF Knudsen";
				TargetAttributes = {
					9A92232C2402FD1000483CBA = {
						CreatedOnToolsVersion = 10.1;
					};
				};
			};
			buildConfigurationList = 9A9223282402FD1000483CBA /* Build configuration list for PBXProject "cpp_tests" */;
			compatibilityVersion = "Xcode 9.3";
			developmentRegion = en;
			hasScannedForEncodings = 0;
			knownRegions = (
				en,
			);
			mainGroup = 9A9223242402FD1000483CBA;
			productRefGroup = 9A92232E2402FD1000483CBA /* Products */;
			projectDirPath = "";
			projectRoot = "";
			targets = (
				9A92232C2402FD1000483CBA /* cpp_tests UTF16 */,
				9A0B08712403B08400E2B470 /* cpp_tests UTF32 */,
			);
		};
/* End PBXProject section */

/* Begin PBXSourcesBuildPhase section */
		9A0B08722403B08400E2B470 /* Sources */ = {
			isa = PBXSourcesBuildPhase;
			buildActionMask = 2147483647;
			files = (
				9A0B08732403B08400E2B470 /* XObjArray_tests.cpp in Sources */,
				9A0B08742403B08400E2B470 /* main.cpp in Sources */,
				9A0B08752403B08400E2B470 /* printf_lite.cpp in Sources */,
				9A0B08772403B08400E2B470 /* XStringWArray.cpp in Sources */,
				9AA05BB8240FC78D008EA4F8 /* utf8Conversion.cpp in Sources */,
				9A0B08782403B08400E2B470 /* global2.cpp in Sources */,
				9A0B08792403B08400E2B470 /* XStringW.cpp in Sources */,
				9A0B087A2403B08400E2B470 /* all_tests.cpp in Sources */,
				9A0B087B2403B08400E2B470 /* global1.cpp in Sources */,
				9A0B087C2403B08400E2B470 /* XToolsCommon.cpp in Sources */,
				9A0B087D2403B08400E2B470 /* XStringWArray_test.cpp in Sources */,
				9A0B087E2403B08400E2B470 /* XArray_tests.cpp in Sources */,
				9A0B087F2403B08400E2B470 /* Platform.cpp in Sources */,
				9A0B08802403B08400E2B470 /* XStringW_test.cpp in Sources */,
			);
			runOnlyForDeploymentPostprocessing = 0;
		};
		9A9223292402FD1000483CBA /* Sources */ = {
			isa = PBXSourcesBuildPhase;
			buildActionMask = 2147483647;
			files = (
				9A0B085A2402FF8400E2B470 /* XObjArray_tests.cpp in Sources */,
				9A9223312402FD1000483CBA /* main.cpp in Sources */,
				9A0B086D24039FE700E2B470 /* printf_lite.cpp in Sources */,
				9A0B08562402FF7700E2B470 /* XStringWArray.cpp in Sources */,
				9AA05BB7240FC78D008EA4F8 /* utf8Conversion.cpp in Sources */,
				9A0B08672403144C00E2B470 /* global2.cpp in Sources */,
				9A0B085F240308E400E2B470 /* XStringW.cpp in Sources */,
				9A0B08592402FF8200E2B470 /* all_tests.cpp in Sources */,
				9A0B08662403144C00E2B470 /* global1.cpp in Sources */,
				9A0B08572402FF7A00E2B470 /* XToolsCommon.cpp in Sources */,
				9A0B08582402FF7F00E2B470 /* XStringWArray_test.cpp in Sources */,
				9A0B085B2402FF8700E2B470 /* XArray_tests.cpp in Sources */,
				9A0B085E240300E000E2B470 /* Platform.cpp in Sources */,
				9A0B085C2402FF8B00E2B470 /* XStringW_test.cpp in Sources */,
			);
			runOnlyForDeploymentPostprocessing = 0;
		};
/* End PBXSourcesBuildPhase section */

/* Begin XCBuildConfiguration section */
		9A0B08842403B08400E2B470 /* Debug */ = {
			isa = XCBuildConfiguration;
			buildSettings = {
				CODE_SIGN_STYLE = Automatic;
				PRODUCT_NAME = "$(TARGET_NAME)";
			};
			name = Debug;
		};
		9A0B08852403B08400E2B470 /* Release */ = {
			isa = XCBuildConfiguration;
			buildSettings = {
				CODE_SIGN_STYLE = Automatic;
				PRODUCT_NAME = "$(TARGET_NAME)";
			};
			name = Release;
		};
		9A9223322402FD1000483CBA /* Debug */ = {
			isa = XCBuildConfiguration;
			buildSettings = {
				ALWAYS_SEARCH_USER_PATHS = NO;
				CLANG_ANALYZER_NONNULL = YES;
				CLANG_ANALYZER_NUMBER_OBJECT_CONVERSION = YES_AGGRESSIVE;
				CLANG_CXX_LANGUAGE_STANDARD = "gnu++14";
				CLANG_CXX_LIBRARY = "libc++";
				CLANG_ENABLE_MODULES = YES;
				CLANG_ENABLE_OBJC_ARC = YES;
				CLANG_ENABLE_OBJC_WEAK = YES;
				CLANG_WARN_BLOCK_CAPTURE_AUTORELEASING = YES;
				CLANG_WARN_BOOL_CONVERSION = YES;
				CLANG_WARN_COMMA = YES;
				CLANG_WARN_CONSTANT_CONVERSION = YES;
				CLANG_WARN_DEPRECATED_OBJC_IMPLEMENTATIONS = YES;
				CLANG_WARN_DIRECT_OBJC_ISA_USAGE = YES_ERROR;
				CLANG_WARN_DOCUMENTATION_COMMENTS = YES;
				CLANG_WARN_EMPTY_BODY = YES;
				CLANG_WARN_ENUM_CONVERSION = YES;
				CLANG_WARN_INFINITE_RECURSION = YES;
				CLANG_WARN_INT_CONVERSION = YES;
				CLANG_WARN_NON_LITERAL_NULL_CONVERSION = YES;
				CLANG_WARN_OBJC_IMPLICIT_RETAIN_SELF = YES;
				CLANG_WARN_OBJC_LITERAL_CONVERSION = YES;
				CLANG_WARN_OBJC_ROOT_CLASS = YES_ERROR;
				CLANG_WARN_RANGE_LOOP_ANALYSIS = YES;
				CLANG_WARN_STRICT_PROTOTYPES = YES;
				CLANG_WARN_SUSPICIOUS_MOVE = YES;
				CLANG_WARN_UNGUARDED_AVAILABILITY = YES_AGGRESSIVE;
				CLANG_WARN_UNREACHABLE_CODE = YES;
				CLANG_WARN__DUPLICATE_METHOD_MATCH = YES;
				CODE_SIGN_IDENTITY = "-";
				COPY_PHASE_STRIP = NO;
				DEBUG_INFORMATION_FORMAT = dwarf;
				ENABLE_STRICT_OBJC_MSGSEND = YES;
				ENABLE_TESTABILITY = YES;
				GCC_C_LANGUAGE_STANDARD = gnu11;
				GCC_DYNAMIC_NO_PIC = NO;
				GCC_NO_COMMON_BLOCKS = YES;
				GCC_OPTIMIZATION_LEVEL = 0;
				GCC_PREPROCESSOR_DEFINITIONS = (
					JIEF_DEBUG,
					"$(inherited)",
				);
				GCC_WARN_64_TO_32_BIT_CONVERSION = YES;
				GCC_WARN_ABOUT_RETURN_TYPE = YES_ERROR;
				GCC_WARN_UNDECLARED_SELECTOR = YES;
				GCC_WARN_UNINITIALIZED_AUTOS = YES_AGGRESSIVE;
				GCC_WARN_UNUSED_FUNCTION = YES;
				GCC_WARN_UNUSED_VARIABLE = YES;
				HEADER_SEARCH_PATHS = "$(PROJECT_DIR)/src";
				MACOSX_DEPLOYMENT_TARGET = 10.13;
				MTL_ENABLE_DEBUG_INFO = INCLUDE_SOURCE;
				MTL_FAST_MATH = YES;
				ONLY_ACTIVE_ARCH = YES;
				OTHER_CFLAGS = (
					"-fshort-wchar",
					"-include",
					Platform.h,
				);
				SDKROOT = macosx;
			};
			name = Debug;
		};
		9A9223332402FD1000483CBA /* Release */ = {
			isa = XCBuildConfiguration;
			buildSettings = {
				ALWAYS_SEARCH_USER_PATHS = NO;
				CLANG_ANALYZER_NONNULL = YES;
				CLANG_ANALYZER_NUMBER_OBJECT_CONVERSION = YES_AGGRESSIVE;
				CLANG_CXX_LANGUAGE_STANDARD = "gnu++14";
				CLANG_CXX_LIBRARY = "libc++";
				CLANG_ENABLE_MODULES = YES;
				CLANG_ENABLE_OBJC_ARC = YES;
				CLANG_ENABLE_OBJC_WEAK = YES;
				CLANG_WARN_BLOCK_CAPTURE_AUTORELEASING = YES;
				CLANG_WARN_BOOL_CONVERSION = YES;
				CLANG_WARN_COMMA = YES;
				CLANG_WARN_CONSTANT_CONVERSION = YES;
				CLANG_WARN_DEPRECATED_OBJC_IMPLEMENTATIONS = YES;
				CLANG_WARN_DIRECT_OBJC_ISA_USAGE = YES_ERROR;
				CLANG_WARN_DOCUMENTATION_COMMENTS = YES;
				CLANG_WARN_EMPTY_BODY = YES;
				CLANG_WARN_ENUM_CONVERSION = YES;
				CLANG_WARN_INFINITE_RECURSION = YES;
				CLANG_WARN_INT_CONVERSION = YES;
				CLANG_WARN_NON_LITERAL_NULL_CONVERSION = YES;
				CLANG_WARN_OBJC_IMPLICIT_RETAIN_SELF = YES;
				CLANG_WARN_OBJC_LITERAL_CONVERSION = YES;
				CLANG_WARN_OBJC_ROOT_CLASS = YES_ERROR;
				CLANG_WARN_RANGE_LOOP_ANALYSIS = YES;
				CLANG_WARN_STRICT_PROTOTYPES = YES;
				CLANG_WARN_SUSPICIOUS_MOVE = YES;
				CLANG_WARN_UNGUARDED_AVAILABILITY = YES_AGGRESSIVE;
				CLANG_WARN_UNREACHABLE_CODE = YES;
				CLANG_WARN__DUPLICATE_METHOD_MATCH = YES;
				CODE_SIGN_IDENTITY = "-";
				COPY_PHASE_STRIP = NO;
				DEBUG_INFORMATION_FORMAT = "dwarf-with-dsym";
				ENABLE_NS_ASSERTIONS = NO;
				ENABLE_STRICT_OBJC_MSGSEND = YES;
				GCC_C_LANGUAGE_STANDARD = gnu11;
				GCC_NO_COMMON_BLOCKS = YES;
				GCC_WARN_64_TO_32_BIT_CONVERSION = YES;
				GCC_WARN_ABOUT_RETURN_TYPE = YES_ERROR;
				GCC_WARN_UNDECLARED_SELECTOR = YES;
				GCC_WARN_UNINITIALIZED_AUTOS = YES_AGGRESSIVE;
				GCC_WARN_UNUSED_FUNCTION = YES;
				GCC_WARN_UNUSED_VARIABLE = YES;
				HEADER_SEARCH_PATHS = "$(PROJECT_DIR)/src";
				MACOSX_DEPLOYMENT_TARGET = 10.13;
				MTL_ENABLE_DEBUG_INFO = NO;
				MTL_FAST_MATH = YES;
				OTHER_CFLAGS = (
					"-fshort-wchar",
					"-include",
					Platform.h,
				);
				SDKROOT = macosx;
			};
			name = Release;
		};
		9A9223352402FD1000483CBA /* Debug */ = {
			isa = XCBuildConfiguration;
			buildSettings = {
				CODE_SIGN_STYLE = Automatic;
				PRODUCT_NAME = "$(TARGET_NAME)";
			};
			name = Debug;
		};
		9A9223362402FD1000483CBA /* Release */ = {
			isa = XCBuildConfiguration;
			buildSettings = {
				CODE_SIGN_STYLE = Automatic;
				PRODUCT_NAME = "$(TARGET_NAME)";
			};
			name = Release;
		};
/* End XCBuildConfiguration section */

/* Begin XCConfigurationList section */
		9A0B08832403B08400E2B470 /* Build configuration list for PBXNativeTarget "cpp_tests UTF32" */ = {
			isa = XCConfigurationList;
			buildConfigurations = (
				9A0B08842403B08400E2B470 /* Debug */,
				9A0B08852403B08400E2B470 /* Release */,
			);
			defaultConfigurationIsVisible = 0;
			defaultConfigurationName = Release;
		};
		9A9223282402FD1000483CBA /* Build configuration list for PBXProject "cpp_tests" */ = {
			isa = XCConfigurationList;
			buildConfigurations = (
				9A9223322402FD1000483CBA /* Debug */,
				9A9223332402FD1000483CBA /* Release */,
			);
			defaultConfigurationIsVisible = 0;
			defaultConfigurationName = Release;
		};
		9A9223342402FD1000483CBA /* Build configuration list for PBXNativeTarget "cpp_tests UTF16" */ = {
			isa = XCConfigurationList;
			buildConfigurations = (
				9A9223352402FD1000483CBA /* Debug */,
				9A9223362402FD1000483CBA /* Release */,
			);
			defaultConfigurationIsVisible = 0;
			defaultConfigurationName = Release;
		};
/* End XCConfigurationList section */
	};
	rootObject = 9A9223252402FD1000483CBA /* Project object */;
}
